
Microsoft Visual Studio Solution File, Format Version 12.00
# Visual Studio Version 16
VisualStudioVersion = 16.0.31624.102
MinimumVisualStudioVersion = 10.0.40219.1
Project("{2150E333-8FDC-42A3-9474-1A3956D46DE8}") = "PizzeriaApp", "PizzeriaApp", "{AFD31081-996D-4BB2-850F-E323474556CF}"
EndProject
Project("{FAE04EC0-301F-11D3-BF4B-00C04F79EFBC}") = "PizzeriaApp.Web", "PizzeriaApp.Web\PizzeriaApp.Web.csproj", "{DC5FB5E5-E57D-4FFC-BC40-362056864ECA}"
EndProject
Global
	GlobalSection(SolutionConfigurationPlatforms) = preSolution
		Debug|Any CPU = Debug|Any CPU
		Release|Any CPU = Release|Any CPU
	EndGlobalSection
	GlobalSection(ProjectConfigurationPlatforms) = postSolution
		{DC5FB5E5-E57D-4FFC-BC40-362056864ECA}.Debug|Any CPU.ActiveCfg = Debug|Any CPU
		{DC5FB5E5-E57D-4FFC-BC40-362056864ECA}.Debug|Any CPU.Build.0 = Debug|Any CPU
		{DC5FB5E5-E57D-4FFC-BC40-362056864ECA}.Release|Any CPU.ActiveCfg = Release|Any CPU
		{DC5FB5E5-E57D-4FFC-BC40-362056864ECA}.Release|Any CPU.Build.0 = Release|Any CPU
	EndGlobalSection
	GlobalSection(SolutionProperties) = preSolution
		HideSolutionNode = FALSE
	EndGlobalSection
	GlobalSection(NestedProjects) = preSolution
		{DC5FB5E5-E57D-4FFC-BC40-362056864ECA} = {AFD31081-996D-4BB2-850F-E323474556CF}
	EndGlobalSection
	GlobalSection(ExtensibilityGlobals) = postSolution
		SolutionGuid = {5BB1E946-E672-4758-9A27-54846C42B2E7}
	EndGlobalSection
EndGlobal
